
Microsoft Visual Studio Solution File, Format Version 12.00
# Visual Studio Version 17
VisualStudioVersion = 17.1.32210.238
MinimumVisualStudioVersion = 10.0.40219.1
Project("{9A19103F-16F7-4668-BE54-9A1E7A4F7556}") = "EF02", "EF02\EF02.csproj", "{75FDFCB8-B90E-4DC4-97F1-F96A9D35EBC0}"
EndProject
Project("{FAE04EC0-301F-11D3-BF4B-00C04F79EFBC}") = "WinForms", "WinForms\WinForms.csproj", "{0AE8D009-110A-4CA8-8558-5641AC2CEF75}"
EndProject
Global
	GlobalSection(SolutionConfigurationPlatforms) = preSolution
		Debug|Any CPU = Debug|Any CPU
		Release|Any CPU = Release|Any CPU
	EndGlobalSection
	GlobalSection(ProjectConfigurationPlatforms) = postSolution
		{75FDFCB8-B90E-4DC4-97F1-F96A9D35EBC0}.Debug|Any CPU.ActiveCfg = Debug|Any CPU
		{75FDFCB8-B90E-4DC4-97F1-F96A9D35EBC0}.Debug|Any CPU.Build.0 = Debug|Any CPU
		{75FDFCB8-B90E-4DC4-97F1-F96A9D35EBC0}.Release|Any CPU.ActiveCfg = Release|Any CPU
		{75FDFCB8-B90E-4DC4-97F1-F96A9D35EBC0}.Release|Any CPU.Build.0 = Release|Any CPU
		{0AE8D009-110A-4CA8-8558-5641AC2CEF75}.Debug|Any CPU.ActiveCfg = Debug|Any CPU
		{0AE8D009-110A-4CA8-8558-5641AC2CEF75}.Debug|Any CPU.Build.0 = Debug|Any CPU
		{0AE8D009-110A-4CA8-8558-5641AC2CEF75}.Release|Any CPU.ActiveCfg = Release|Any CPU
		{0AE8D009-110A-4CA8-8558-5641AC2CEF75}.Release|Any CPU.Build.0 = Release|Any CPU
	EndGlobalSection
	GlobalSection(SolutionProperties) = preSolution
		HideSolutionNode = FALSE
	EndGlobalSection
	GlobalSection(ExtensibilityGlobals) = postSolution
		SolutionGuid = {03D71456-5139-4AFF-900A-38859F461498}
	EndGlobalSection
EndGlobal
