
Microsoft Visual Studio Solution File, Format Version 12.00
# Visual Studio Version 17
VisualStudioVersion = 17.2.32630.192
MinimumVisualStudioVersion = 10.0.40219.1
Project("{FAE04EC0-301F-11D3-BF4B-00C04F79EFBC}") = "Day7", "Day7\Day7.csproj", "{CF595110-C9BF-473D-AD27-07F4DD051052}"
EndProject
Global
	GlobalSection(SolutionConfigurationPlatforms) = preSolution
		Debug|Any CPU = Debug|Any CPU
		Release|Any CPU = Release|Any CPU
	EndGlobalSection
	GlobalSection(ProjectConfigurationPlatforms) = postSolution
		{CF595110-C9BF-473D-AD27-07F4DD051052}.Debug|Any CPU.ActiveCfg = Debug|Any CPU
		{CF595110-C9BF-473D-AD27-07F4DD051052}.Debug|Any CPU.Build.0 = Debug|Any CPU
		{CF595110-C9BF-473D-AD27-07F4DD051052}.Release|Any CPU.ActiveCfg = Release|Any CPU
		{CF595110-C9BF-473D-AD27-07F4DD051052}.Release|Any CPU.Build.0 = Release|Any CPU
	EndGlobalSection
	GlobalSection(SolutionProperties) = preSolution
		HideSolutionNode = FALSE
	EndGlobalSection
	GlobalSection(ExtensibilityGlobals) = postSolution
		SolutionGuid = {590F8BC4-26A8-43E1-9634-AA342AEF0DBC}
	EndGlobalSection
EndGlobal
